
Microsoft Visual Studio Solution File, Format Version 12.00
# Visual Studio 15
VisualStudioVersion = 15.0.28307.489
MinimumVisualStudioVersion = 10.0.40219.1
Project("{F184B08F-C81C-45F6-A57F-5ABD9991F28F}") = "multidimentional-array", "multidimentional-array\multidimentional-array.vbproj", "{D42A7798-6E7F-4590-ACF8-BD85FFF04EAF}"
EndProject
Global
	GlobalSection(SolutionConfigurationPlatforms) = preSolution
		Debug|Any CPU = Debug|Any CPU
		Release|Any CPU = Release|Any CPU
	EndGlobalSection
	GlobalSection(ProjectConfigurationPlatforms) = postSolution
		{D42A7798-6E7F-4590-ACF8-BD85FFF04EAF}.Debug|Any CPU.ActiveCfg = Debug|Any CPU
		{D42A7798-6E7F-4590-ACF8-BD85FFF04EAF}.Debug|Any CPU.Build.0 = Debug|Any CPU
		{D42A7798-6E7F-4590-ACF8-BD85FFF04EAF}.Release|Any CPU.ActiveCfg = Release|Any CPU
		{D42A7798-6E7F-4590-ACF8-BD85FFF04EAF}.Release|Any CPU.Build.0 = Release|Any CPU
	EndGlobalSection
	GlobalSection(SolutionProperties) = preSolution
		HideSolutionNode = FALSE
	EndGlobalSection
	GlobalSection(ExtensibilityGlobals) = postSolution
		SolutionGuid = {125E3A00-D8F5-4992-B57E-B9D2E3F83CC6}
	EndGlobalSection
EndGlobal
